
Microsoft Visual Studio Solution File, Format Version 12.00
# Visual Studio 15
VisualStudioVersion = 15.0.27428.2015
MinimumVisualStudioVersion = 10.0.40219.1
Project("{FAE04EC0-301F-11D3-BF4B-00C04F79EFBC}") = "Core", "Core\Core.csproj", "{3BDCDFCD-2FC1-4BEA-A7DD-61108B316EDB}"
EndProject
Global
	GlobalSection(SolutionConfigurationPlatforms) = preSolution
		Debug|Any CPU = Debug|Any CPU
		Release|Any CPU = Release|Any CPU
	EndGlobalSection
	GlobalSection(ProjectConfigurationPlatforms) = postSolution
		{3BDCDFCD-2FC1-4BEA-A7DD-61108B316EDB}.Debug|Any CPU.ActiveCfg = Debug|Any CPU
		{3BDCDFCD-2FC1-4BEA-A7DD-61108B316EDB}.Debug|Any CPU.Build.0 = Debug|Any CPU
		{3BDCDFCD-2FC1-4BEA-A7DD-61108B316EDB}.Release|Any CPU.ActiveCfg = Release|Any CPU
		{3BDCDFCD-2FC1-4BEA-A7DD-61108B316EDB}.Release|Any CPU.Build.0 = Release|Any CPU
	EndGlobalSection
	GlobalSection(SolutionProperties) = preSolution
		HideSolutionNode = FALSE
	EndGlobalSection
	GlobalSection(ExtensibilityGlobals) = postSolution
		SolutionGuid = {3E42D972-5DFB-4551-80A0-1365DBD48518}
	EndGlobalSection
EndGlobal
